// !$*UTF8*$!
{
	archiveVersion = 1;
	classes = {
	};
	objectVersion = 51;
	objects = {

/* Begin PBXBuildFile section */
		569D29D5241638EA00D89B80 /* AppDelegate.swift in Sources */ = {isa = PBXBuildFile; fileRef = 569D29D4241638EA00D89B80 /* AppDelegate.swift */; };
		569D29D7241638EA00D89B80 /* SceneDelegate.swift in Sources */ = {isa = PBXBuildFile; fileRef = 569D29D6241638EA00D89B80 /* SceneDelegate.swift */; };
		569D29D9241638EA00D89B80 /* ViewController.swift in Sources */ = {isa = PBXBuildFile; fileRef = 569D29D8241638EA00D89B80 /* ViewController.swift */; };
		569D29DC241638EA00D89B80 /* Main.storyboard in Resources */ = {isa = PBXBuildFile; fileRef = 569D29DA241638EA00D89B80 /* Main.storyboard */; };
		569D29DE241638ED00D89B80 /* Assets.xcassets in Resources */ = {isa = PBXBuildFile; fileRef = 569D29DD241638ED00D89B80 /* Assets.xcassets */; };
		569D29E1241638ED00D89B80 /* LaunchScreen.storyboard in Resources */ = {isa = PBXBuildFile; fileRef = 569D29DF241638ED00D89B80 /* LaunchScreen.storyboard */; };
		F5289E922F73ECC151AE1050 /* Pods_FeedMe.framework in Frameworks */ = {isa = PBXBuildFile; fileRef = 80A83C6F1370C994F22A886B /* Pods_FeedMe.framework */; };
/* End PBXBuildFile section */

/* Begin PBXFileReference section */
		06F222BA69E9DE9C34956023 /* Pods-FeedMe.debug.xcconfig */ = {isa = PBXFileReference; includeInIndex = 1; lastKnownFileType = text.xcconfig; name = "Pods-FeedMe.debug.xcconfig"; path = "Target Support Files/Pods-FeedMe/Pods-FeedMe.debug.xcconfig"; sourceTree = "<group>"; };
		569D29D1241638EA00D89B80 /* FeedMe.app */ = {isa = PBXFileReference; explicitFileType = wrapper.application; includeInIndex = 0; path = FeedMe.app; sourceTree = BUILT_PRODUCTS_DIR; };
		569D29D4241638EA00D89B80 /* AppDelegate.swift */ = {isa = PBXFileReference; lastKnownFileType = sourcecode.swift; path = AppDelegate.swift; sourceTree = "<group>"; };
		569D29D6241638EA00D89B80 /* SceneDelegate.swift */ = {isa = PBXFileReference; lastKnownFileType = sourcecode.swift; path = SceneDelegate.swift; sourceTree = "<group>"; };
		569D29D8241638EA00D89B80 /* ViewController.swift */ = {isa = PBXFileReference; lastKnownFileType = sourcecode.swift; path = ViewController.swift; sourceTree = "<group>"; };
		569D29DB241638EA00D89B80 /* Base */ = {isa = PBXFileReference; lastKnownFileType = file.storyboard; name = Base; path = Base.lproj/Main.storyboard; sourceTree = "<group>"; };
		569D29DD241638ED00D89B80 /* Assets.xcassets */ = {isa = PBXFileReference; lastKnownFileType = folder.assetcatalog; path = Assets.xcassets; sourceTree = "<group>"; };
		569D29E0241638ED00D89B80 /* Base */ = {isa = PBXFileReference; lastKnownFileType = file.storyboard; name = Base; path = Base.lproj/LaunchScreen.storyboard; sourceTree = "<group>"; };
		569D29E2241638ED00D89B80 /* Info.plist */ = {isa = PBXFileReference; lastKnownFileType = text.plist.xml; path = Info.plist; sourceTree = "<group>"; };
		721519EBA59F690CA12B55C3 /* Pods-FeedMe.release.xcconfig */ = {isa = PBXFileReference; includeInIndex = 1; lastKnownFileType = text.xcconfig; name = "Pods-FeedMe.release.xcconfig"; path = "Target Support Files/Pods-FeedMe/Pods-FeedMe.release.xcconfig"; sourceTree = "<group>"; };
		80A83C6F1370C994F22A886B /* Pods_FeedMe.framework */ = {isa = PBXFileReference; explicitFileType = wrapper.framework; includeInIndex = 0; path = Pods_FeedMe.framework; sourceTree = BUILT_PRODUCTS_DIR; };
/* End PBXFileReference section */

/* Begin PBXFrameworksBuildPhase section */
		569D29CE241638EA00D89B80 /* Frameworks */ = {
			isa = PBXFrameworksBuildPhase;
			buildActionMask = 2147483647;
			files = (
				F5289E922F73ECC151AE1050 /* Pods_FeedMe.framework in Frameworks */,
			);
			runOnlyForDeploymentPostprocessing = 0;
		};
/* End PBXFrameworksBuildPhase section */

/* Begin PBXGroup section */
		1876CD2667E90FF1A23B466E /* Pods */ = {
			isa = PBXGroup;
			children = (
				06F222BA69E9DE9C34956023 /* Pods-FeedMe.debug.xcconfig */,
				721519EBA59F690CA12B55C3 /* Pods-FeedMe.release.xcconfig */,
			);
			path = Pods;
			sourceTree = "<group>";
		};
		4A0318BD30973D85375773D7 /* Frameworks */ = {
			isa = PBXGroup;
			children = (
				80A83C6F1370C994F22A886B /* Pods_FeedMe.framework */,
			);
			name = Frameworks;
			sourceTree = "<group>";
		};
		569D29C8241638EA00D89B80 = {
			isa = PBXGroup;
			children = (
				569D29D3241638EA00D89B80 /* FeedMe */,
				569D29D2241638EA00D89B80 /* Products */,
				1876CD2667E90FF1A23B466E /* Pods */,
				4A0318BD30973D85375773D7 /* Frameworks */,
			);
			sourceTree = "<group>";
		};
		569D29D2241638EA00D89B80 /* Products */ = {
			isa = PBXGroup;
			children = (
				569D29D1241638EA00D89B80 /* FeedMe.app */,
			);
			name = Products;
			sourceTree = "<group>";
		};
		569D29D3241638EA00D89B80 /* FeedMe */ = {
			isa = PBXGroup;
			children = (
				569D29D4241638EA00D89B80 /* AppDelegate.swift */,
				569D29D6241638EA00D89B80 /* SceneDelegate.swift */,
				569D29D8241638EA00D89B80 /* ViewController.swift */,
				569D29DA241638EA00D89B80 /* Main.storyboard */,
				569D29DD241638ED00D89B80 /* Assets.xcassets */,
				569D29DF241638ED00D89B80 /* LaunchScreen.storyboard */,
				569D29E2241638ED00D89B80 /* Info.plist */,
			);
			path = FeedMe;
			sourceTree = "<group>";
		};
/* End PBXGroup section */

/* Begin PBXNativeTarget section */
		569D29D0241638EA00D89B80 /* FeedMe */ = {
			isa = PBXNativeTarget;
			buildConfigurationList = 569D29E5241638ED00D89B80 /* Build configuration list for PBXNativeTarget "FeedMe" */;
			buildPhases = (
				EB20DB3552D2EF4E8270E4C0 /* [CP] Check Pods Manifest.lock */,
				569D29CD241638EA00D89B80 /* Sources */,
				569D29CE241638EA00D89B80 /* Frameworks */,
				569D29CF241638EA00D89B80 /* Resources */,
				F430DC5BA6FB60AB901D848A /* [CP] Copy Pods Resources */,
			);
			buildRules = (
			);
			dependencies = (
			);
			name = FeedMe;
			productName = FeedMe;
			productReference = 569D29D1241638EA00D89B80 /* FeedMe.app */;
			productType = "com.apple.product-type.application";
		};
/* End PBXNativeTarget section */

/* Begin PBXProject section */
		569D29C9241638EA00D89B80 /* Project object */ = {
			isa = PBXProject;
			attributes = {
				LastSwiftUpdateCheck = 1120;
				LastUpgradeCheck = 1120;
				ORGANIZATIONNAME = "Suresh Kumar Thayumanavan";
				TargetAttributes = {
					569D29D0241638EA00D89B80 = {
						CreatedOnToolsVersion = 11.2.1;
					};
				};
			};
			buildConfigurationList = 569D29CC241638EA00D89B80 /* Build configuration list for PBXProject "FeedMe" */;
			compatibilityVersion = "Xcode 9.3";
			developmentRegion = en;
			hasScannedForEncodings = 0;
			knownRegions = (
				en,
				Base,
			);
			mainGroup = 569D29C8241638EA00D89B80;
			productRefGroup = 569D29D2241638EA00D89B80 /* Products */;
			projectDirPath = "";
			projectRoot = "";
			targets = (
				569D29D0241638EA00D89B80 /* FeedMe */,
			);
		};
/* End PBXProject section */

/* Begin PBXResourcesBuildPhase section */
		569D29CF241638EA00D89B80 /* Resources */ = {
			isa = PBXResourcesBuildPhase;
			buildActionMask = 2147483647;
			files = (
				569D29E1241638ED00D89B80 /* LaunchScreen.storyboard in Resources */,
				569D29DE241638ED00D89B80 /* Assets.xcassets in Resources */,
				569D29DC241638EA00D89B80 /* Main.storyboard in Resources */,
			);
			runOnlyForDeploymentPostprocessing = 0;
		};
/* End PBXResourcesBuildPhase section */

/* Begin PBXShellScriptBuildPhase section */
		EB20DB3552D2EF4E8270E4C0 /* [CP] Check Pods Manifest.lock */ = {
			isa = PBXShellScriptBuildPhase;
			buildActionMask = 2147483647;
			files = (
			);
			inputFileListPaths = (
			);
			inputPaths = (
				"${PODS_PODFILE_DIR_PATH}/Podfile.lock",
				"${PODS_ROOT}/Manifest.lock",
			);
			name = "[CP] Check Pods Manifest.lock";
			outputFileListPaths = (
			);
			outputPaths = (
				"$(DERIVED_FILE_DIR)/Pods-FeedMe-checkManifestLockResult.txt",
			);
			runOnlyForDeploymentPostprocessing = 0;
			shellPath = /bin/sh;
			shellScript = "diff \"${PODS_PODFILE_DIR_PATH}/Podfile.lock\" \"${PODS_ROOT}/Manifest.lock\" > /dev/null\nif [ $? != 0 ] ; then\n    # print error to STDERR\n    echo \"error: The sandbox is not in sync with the Podfile.lock. Run 'pod install' or update your CocoaPods installation.\" >&2\n    exit 1\nfi\n# This output is used by Xcode 'outputs' to avoid re-running this script phase.\necho \"SUCCESS\" > \"${SCRIPT_OUTPUT_FILE_0}\"\n";
			showEnvVarsInLog = 0;
		};
		F430DC5BA6FB60AB901D848A /* [CP] Copy Pods Resources */ = {
			isa = PBXShellScriptBuildPhase;
			buildActionMask = 2147483647;
			files = (
			);
			inputFileListPaths = (
				"${PODS_ROOT}/Target Support Files/Pods-FeedMe/Pods-FeedMe-resources-${CONFIGURATION}-input-files.xcfilelist",
			);
			name = "[CP] Copy Pods Resources";
			outputFileListPaths = (
				"${PODS_ROOT}/Target Support Files/Pods-FeedMe/Pods-FeedMe-resources-${CONFIGURATION}-output-files.xcfilelist",
			);
			runOnlyForDeploymentPostprocessing = 0;
			shellPath = /bin/sh;
			shellScript = "\"${PODS_ROOT}/Target Support Files/Pods-FeedMe/Pods-FeedMe-resources.sh\"\n";
			showEnvVarsInLog = 0;
		};
/* End PBXShellScriptBuildPhase section */

/* Begin PBXSourcesBuildPhase section */
		569D29CD241638EA00D89B80 /* Sources */ = {
			isa = PBXSourcesBuildPhase;
			buildActionMask = 2147483647;
			files = (
				569D29D9241638EA00D89B80 /* ViewController.swift in Sources */,
				569D29D5241638EA00D89B80 /* AppDelegate.swift in Sources */,
				569D29D7241638EA00D89B80 /* SceneDelegate.swift in Sources */,
			);
			runOnlyForDeploymentPostprocessing = 0;
		};
/* End PBXSourcesBuildPhase section */

/* Begin PBXVariantGroup section */
		569D29DA241638EA00D89B80 /* Main.storyboard */ = {
			isa = PBXVariantGroup;
			children = (
				569D29DB241638EA00D89B80 /* Base */,
			);
			name = Main.storyboard;
			sourceTree = "<group>";
		};
		569D29DF241638ED00D89B80 /* LaunchScreen.storyboard */ = {
			isa = PBXVariantGroup;
			children = (
				569D29E0241638ED00D89B80 /* Base */,
			);
			name = LaunchScreen.storyboard;
			sourceTree = "<group>";
		};
/* End PBXVariantGroup section */

/* Begin XCBuildConfiguration section */
		569D29E3241638ED00D89B80 /* Debug */ = {
			isa = XCBuildConfiguration;
			buildSettings = {
				ALWAYS_SEARCH_USER_PATHS = NO;
				CLANG_ANALYZER_NONNULL = YES;
				CLANG_ANALYZER_NUMBER_OBJECT_CONVERSION = YES_AGGRESSIVE;
				CLANG_CXX_LANGUAGE_STANDARD = "gnu++14";
				CLANG_CXX_LIBRARY = "libc++";
				CLANG_ENABLE_MODULES = YES;
				CLANG_ENABLE_OBJC_ARC = YES;
				CLANG_ENABLE_OBJC_WEAK = YES;
				CLANG_WARN_BLOCK_CAPTURE_AUTORELEASING = YES;
				CLANG_WARN_BOOL_CONVERSION = YES;
				CLANG_WARN_COMMA = YES;
				CLANG_WARN_CONSTANT_CONVERSION = YES;
				CLANG_WARN_DEPRECATED_OBJC_IMPLEMENTATIONS = YES;
				CLANG_WARN_DIRECT_OBJC_ISA_USAGE = YES_ERROR;
				CLANG_WARN_DOCUMENTATION_COMMENTS = YES;
				CLANG_WARN_EMPTY_BODY = YES;
				CLANG_WARN_ENUM_CONVERSION = YES;
				CLANG_WARN_INFINITE_RECURSION = YES;
				CLANG_WARN_INT_CONVERSION = YES;
				CLANG_WARN_NON_LITERAL_NULL_CONVERSION = YES;
				CLANG_WARN_OBJC_IMPLICIT_RETAIN_SELF = YES;
				CLANG_WARN_OBJC_LITERAL_CONVERSION = YES;
				CLANG_WARN_OBJC_ROOT_CLASS = YES_ERROR;
				CLANG_WARN_RANGE_LOOP_ANALYSIS = YES;
				CLANG_WARN_STRICT_PROTOTYPES = YES;
				CLANG_WARN_SUSPICIOUS_MOVE = YES;
				CLANG_WARN_UNGUARDED_AVAILABILITY = YES_AGGRESSIVE;
				CLANG_WARN_UNREACHABLE_CODE = YES;
				CLANG_WARN__DUPLICATE_METHOD_MATCH = YES;
				COPY_PHASE_STRIP = NO;
				DEBUG_INFORMATION_FORMAT = dwarf;
				ENABLE_STRICT_OBJC_MSGSEND = YES;
				ENABLE_TESTABILITY = YES;
				GCC_C_LANGUAGE_STANDARD = gnu11;
				GCC_DYNAMIC_NO_PIC = NO;
				GCC_NO_COMMON_BLOCKS = YES;
				GCC_OPTIMIZATION_LEVEL = 0;
				GCC_PREPROCESSOR_DEFINITIONS = (
					"DEBUG=1",
					"$(inherited)",
				);
				GCC_WARN_64_TO_32_BIT_CONVERSION = YES;
				GCC_WARN_ABOUT_RETURN_TYPE = YES_ERROR;
				GCC_WARN_UNDECLARED_SELECTOR = YES;
				GCC_WARN_UNINITIALIZED_AUTOS = YES_AGGRESSIVE;
				GCC_WARN_UNUSED_FUNCTION = YES;
				GCC_WARN_UNUSED_VARIABLE = YES;
				IPHONEOS_DEPLOYMENT_TARGET = 13.2;
				MTL_ENABLE_DEBUG_INFO = INCLUDE_SOURCE;
				MTL_FAST_MATH = YES;
				ONLY_ACTIVE_ARCH = YES;
				SDKROOT = iphoneos;
				SWIFT_ACTIVE_COMPILATION_CONDITIONS = DEBUG;
				SWIFT_OPTIMIZATION_LEVEL = "-Onone";
			};
			name = Debug;
		};
		569D29E4241638ED00D89B80 /* Release */ = {
			isa = XCBuildConfiguration;
			buildSettings = {
				ALWAYS_SEARCH_USER_PATHS = NO;
				CLANG_ANALYZER_NONNULL = YES;
				CLANG_ANALYZER_NUMBER_OBJECT_CONVERSION = YES_AGGRESSIVE;
				CLANG_CXX_LANGUAGE_STANDARD = "gnu++14";
				CLANG_CXX_LIBRARY = "libc++";
				CLANG_ENABLE_MODULES = YES;
				CLANG_ENABLE_OBJC_ARC = YES;
				CLANG_ENABLE_OBJC_WEAK = YES;
				CLANG_WARN_BLOCK_CAPTURE_AUTORELEASING = YES;
				CLANG_WARN_BOOL_CONVERSION = YES;
				CLANG_WARN_COMMA = YES;
				CLANG_WARN_CONSTANT_CONVERSION = YES;
				CLANG_WARN_DEPRECATED_OBJC_IMPLEMENTATIONS = YES;
				CLANG_WARN_DIRECT_OBJC_ISA_USAGE = YES_ERROR;
				CLANG_WARN_DOCUMENTATION_COMMENTS = YES;
				CLANG_WARN_EMPTY_BODY = YES;
				CLANG_WARN_ENUM_CONVERSION = YES;
				CLANG_WARN_INFINITE_RECURSION = YES;
				CLANG_WARN_INT_CONVERSION = YES;
				CLANG_WARN_NON_LITERAL_NULL_CONVERSION = YES;
				CLANG_WARN_OBJC_IMPLICIT_RETAIN_SELF = YES;
				CLANG_WARN_OBJC_LITERAL_CONVERSION = YES;
				CLANG_WARN_OBJC_ROOT_CLASS = YES_ERROR;
				CLANG_WARN_RANGE_LOOP_ANALYSIS = YES;
				CLANG_WARN_STRICT_PROTOTYPES = YES;
				CLANG_WARN_SUSPICIOUS_MOVE = YES;
				CLANG_WARN_UNGUARDED_AVAILABILITY = YES_AGGRESSIVE;
				CLANG_WARN_UNREACHABLE_CODE = YES;
				CLANG_WARN__DUPLICATE_METHOD_MATCH = YES;
				COPY_PHASE_STRIP = NO;
				DEBUG_INFORMATION_FORMAT = "dwarf-with-dsym";
				ENABLE_NS_ASSERTIONS = NO;
				ENABLE_STRICT_OBJC_MSGSEND = YES;
				GCC_C_LANGUAGE_STANDARD = gnu11;
				GCC_NO_COMMON_BLOCKS = YES;
				GCC_WARN_64_TO_32_BIT_CONVERSION = YES;
				GCC_WARN_ABOUT_RETURN_TYPE = YES_ERROR;
				GCC_WARN_UNDECLARED_SELECTOR = YES;
				GCC_WARN_UNINITIALIZED_AUTOS = YES_AGGRESSIVE;
				GCC_WARN_UNUSED_FUNCTION = YES;
				GCC_WARN_UNUSED_VARIABLE = YES;
				IPHONEOS_DEPLOYMENT_TARGET = 13.2;
				MTL_ENABLE_DEBUG_INFO = NO;
				MTL_FAST_MATH = YES;
				SDKROOT = iphoneos;
				SWIFT_COMPILATION_MODE = wholemodule;
				SWIFT_OPTIMIZATION_LEVEL = "-O";
				VALIDATE_PRODUCT = YES;
			};
			name = Release;
		};
		569D29E6241638ED00D89B80 /* Debug */ = {
			isa = XCBuildConfiguration;
			baseConfigurationReference = 06F222BA69E9DE9C34956023 /* Pods-FeedMe.debug.xcconfig */;
			buildSettings = {
				ASSETCATALOG_COMPILER_APPICON_NAME = AppIcon;
				CODE_SIGN_STYLE = Automatic;
				DEVELOPMENT_TEAM = UY48DQR2XB;
				INFOPLIST_FILE = FeedMe/Info.plist;
				IPHONEOS_DEPLOYMENT_TARGET = 10.0;
				LD_RUNPATH_SEARCH_PATHS = (
					"$(inherited)",
					"@executable_path/Frameworks",
				);
				PRODUCT_BUNDLE_IDENTIFIER = com.NaksnAps.testpn;
				PRODUCT_NAME = "$(TARGET_NAME)";
				SWIFT_VERSION = 5.0;
				TARGETED_DEVICE_FAMILY = "1,2";
			};
			name = Debug;
		};
		569D29E7241638ED00D89B80 /* Release */ = {
			isa = XCBuildConfiguration;
			baseConfigurationReference = 721519EBA59F690CA12B55C3 /* Pods-FeedMe.release.xcconfig */;
			buildSettings = {
				ASSETCATALOG_COMPILER_APPICON_NAME = AppIcon;
				CODE_SIGN_STYLE = Automatic;
				DEVELOPMENT_TEAM = UY48DQR2XB;
				INFOPLIST_FILE = FeedMe/Info.plist;
				IPHONEOS_DEPLOYMENT_TARGET = 10.0;
				LD_RUNPATH_SEARCH_PATHS = (
					"$(inherited)",
					"@executable_path/Frameworks",
				);
				PRODUCT_BUNDLE_IDENTIFIER = com.NaksnAps.testpn;
				PRODUCT_NAME = "$(TARGET_NAME)";
				SWIFT_VERSION = 5.0;
				TARGETED_DEVICE_FAMILY = "1,2";
			};
			name = Release;
		};
/* End XCBuildConfiguration section */

/* Begin XCConfigurationList section */
		569D29CC241638EA00D89B80 /* Build configuration list for PBXProject "FeedMe" */ = {
			isa = XCConfigurationList;
			buildConfigurations = (
				569D29E3241638ED00D89B80 /* Debug */,
				569D29E4241638ED00D89B80 /* Release */,
			);
			defaultConfigurationIsVisible = 0;
			defaultConfigurationName = Release;
		};
		569D29E5241638ED00D89B80 /* Build configuration list for PBXNativeTarget "FeedMe" */ = {
			isa = XCConfigurationList;
			buildConfigurations = (
				569D29E6241638ED00D89B80 /* Debug */,
				569D29E7241638ED00D89B80 /* Release */,
			);
			defaultConfigurationIsVisible = 0;
			defaultConfigurationName = Release;
		};
/* End XCConfigurationList section */
	};
	rootObject = 569D29C9241638EA00D89B80 /* Project object */;
}
